
Microsoft Visual Studio Solution File, Format Version 12.00
# Visual Studio Version 16
VisualStudioVersion = 16.0.31729.503
MinimumVisualStudioVersion = 10.0.40219.1
Project("{FAE04EC0-301F-11D3-BF4B-00C04F79EFBC}") = "MCD_EnumNedir", "MCD_EnumNedir\MCD_EnumNedir.csproj", "{7588D29A-2A11-4F07-A473-B040FDFD437D}"
EndProject
Global
	GlobalSection(SolutionConfigurationPlatforms) = preSolution
		Debug|Any CPU = Debug|Any CPU
		Release|Any CPU = Release|Any CPU
	EndGlobalSection
	GlobalSection(ProjectConfigurationPlatforms) = postSolution
		{7588D29A-2A11-4F07-A473-B040FDFD437D}.Debug|Any CPU.ActiveCfg = Debug|Any CPU
		{7588D29A-2A11-4F07-A473-B040FDFD437D}.Debug|Any CPU.Build.0 = Debug|Any CPU
		{7588D29A-2A11-4F07-A473-B040FDFD437D}.Release|Any CPU.ActiveCfg = Release|Any CPU
		{7588D29A-2A11-4F07-A473-B040FDFD437D}.Release|Any CPU.Build.0 = Release|Any CPU
	EndGlobalSection
	GlobalSection(SolutionProperties) = preSolution
		HideSolutionNode = FALSE
	EndGlobalSection
	GlobalSection(ExtensibilityGlobals) = postSolution
		SolutionGuid = {2E203878-D2CA-443F-A662-C2918662BE33}
	EndGlobalSection
EndGlobal
